
Microsoft Visual Studio Solution File, Format Version 12.00
# Visual Studio Version 17
VisualStudioVersion = 17.4.33015.44
MinimumVisualStudioVersion = 10.0.40219.1
Project("{2150E333-8FDC-42A3-9474-1A3956D46DE8}") = "src", "src", "{3F4EF46B-61CD-45F2-89D7-F118A7F7C2C7}"
EndProject
Project("{2150E333-8FDC-42A3-9474-1A3956D46DE8}") = "tests", "tests", "{9B7066A9-DCEC-48D1-AC45-A49D6E8EAA3D}"
EndProject
Project("{FAE04EC0-301F-11D3-BF4B-00C04F79EFBC}") = "VSTranslations", "src\VSTranslations\VSTranslations.csproj", "{9DE75C64-EF1D-4427-BD62-5E8FDCB8C0CC}"
EndProject
Project("{9A19103F-16F7-4668-BE54-9A1E7A4F7556}") = "VSTranslations.UnitTests", "tests\VsTranslations.UnitTests\VSTranslations.UnitTests.csproj", "{64F6423F-F636-4D9E-8B62-F28AADB6D94E}"
EndProject
Project("{9A19103F-16F7-4668-BE54-9A1E7A4F7556}") = "VSTranslations.UnitTests.Common", "tests\VsTranslations.UnitTests.Common\VSTranslations.UnitTests.Common.csproj", "{A19F908C-05FD-4053-AFAC-A4E7C0D69F68}"
EndProject
Project("{9A19103F-16F7-4668-BE54-9A1E7A4F7556}") = "VSTranslations.Plugin.Abstractions", "src\VSTranslations.Plugin.Abstractions\VSTranslations.Plugin.Abstractions.csproj", "{AA3A0D36-25AD-47E5-910B-2632A6569AB5}"
EndProject
Project("{9A19103F-16F7-4668-BE54-9A1E7A4F7556}") = "VSTranslations.Common", "src\VSTranslations.Common\VSTranslations.Common.csproj", "{9FBF47E3-CFCA-4C58-A33E-464C1E163022}"
EndProject
Project("{9A19103F-16F7-4668-BE54-9A1E7A4F7556}") = "VSTranslations.Common.UnitTests", "tests\VSTranslations.Common.UnitTests\VSTranslations.Common.UnitTests.csproj", "{0BD6D213-FFD5-4C56-BAE2-02F3FC37CE09}"
EndProject
Project("{2150E333-8FDC-42A3-9474-1A3956D46DE8}") = ".github", ".github", "{FFA244F0-D7B0-4130-A27D-B77539D450DD}"
EndProject
Project("{2150E333-8FDC-42A3-9474-1A3956D46DE8}") = "workflows", "workflows", "{A8AA55E1-37AA-4558-9978-A43ABEA9E1EF}"
	ProjectSection(SolutionItems) = preProject
		.github\workflows\cd.yml = .github\workflows\cd.yml
		.github\workflows\ci.yml = .github\workflows\ci.yml
	EndProjectSection
EndProject
Project("{9A19103F-16F7-4668-BE54-9A1E7A4F7556}") = "VSTranslations.Plugin.GoogleTranslate.UnitTests", "tests\VSTranslations.Plugin.GoogleTranslate.UnitTests\VSTranslations.Plugin.GoogleTranslate.UnitTests.csproj", "{D5083806-3FD9-459C-857B-A1FAFD425D14}"
EndProject
Project("{FAE04EC0-301F-11D3-BF4B-00C04F79EFBC}") = "VSTranslations.Plugin.GoogleTranslate", "src\VSTranslations.Plugin.GoogleTranslate\VSTranslations.Plugin.GoogleTranslate.csproj", "{2341322E-67D3-4555-88DD-5433FB783222}"
EndProject
Project("{2150E333-8FDC-42A3-9474-1A3956D46DE8}") = "Solution Items", "Solution Items", "{69EEB436-F8FA-43FB-9EB5-4B6D8D2E6AA4}"
	ProjectSection(SolutionItems) = preProject
		GitVersion.yml = GitVersion.yml
		README.md = README.md
	EndProjectSection
EndProject
Global
	GlobalSection(SolutionConfigurationPlatforms) = preSolution
		Debug|Any CPU = Debug|Any CPU
		Debug|arm64 = Debug|arm64
		Debug|x86 = Debug|x86
		Release|Any CPU = Release|Any CPU
		Release|arm64 = Release|arm64
		Release|x86 = Release|x86
	EndGlobalSection
	GlobalSection(ProjectConfigurationPlatforms) = postSolution
		{9DE75C64-EF1D-4427-BD62-5E8FDCB8C0CC}.Debug|Any CPU.ActiveCfg = Debug|Any CPU
		{9DE75C64-EF1D-4427-BD62-5E8FDCB8C0CC}.Debug|Any CPU.Build.0 = Debug|Any CPU
		{9DE75C64-EF1D-4427-BD62-5E8FDCB8C0CC}.Debug|arm64.ActiveCfg = Debug|Any CPU
		{9DE75C64-EF1D-4427-BD62-5E8FDCB8C0CC}.Debug|arm64.Build.0 = Debug|Any CPU
		{9DE75C64-EF1D-4427-BD62-5E8FDCB8C0CC}.Debug|x86.ActiveCfg = Debug|x86
		{9DE75C64-EF1D-4427-BD62-5E8FDCB8C0CC}.Debug|x86.Build.0 = Debug|x86
		{9DE75C64-EF1D-4427-BD62-5E8FDCB8C0CC}.Release|Any CPU.ActiveCfg = Release|Any CPU
		{9DE75C64-EF1D-4427-BD62-5E8FDCB8C0CC}.Release|Any CPU.Build.0 = Release|Any CPU
		{9DE75C64-EF1D-4427-BD62-5E8FDCB8C0CC}.Release|arm64.ActiveCfg = Release|Any CPU
		{9DE75C64-EF1D-4427-BD62-5E8FDCB8C0CC}.Release|arm64.Build.0 = Release|Any CPU
		{9DE75C64-EF1D-4427-BD62-5E8FDCB8C0CC}.Release|x86.ActiveCfg = Release|x86
		{9DE75C64-EF1D-4427-BD62-5E8FDCB8C0CC}.Release|x86.Build.0 = Release|x86
		{64F6423F-F636-4D9E-8B62-F28AADB6D94E}.Debug|Any CPU.ActiveCfg = Debug|Any CPU
		{64F6423F-F636-4D9E-8B62-F28AADB6D94E}.Debug|Any CPU.Build.0 = Debug|Any CPU
		{64F6423F-F636-4D9E-8B62-F28AADB6D94E}.Debug|arm64.ActiveCfg = Debug|Any CPU
		{64F6423F-F636-4D9E-8B62-F28AADB6D94E}.Debug|arm64.Build.0 = Debug|Any CPU
		{64F6423F-F636-4D9E-8B62-F28AADB6D94E}.Debug|x86.ActiveCfg = Debug|Any CPU
		{64F6423F-F636-4D9E-8B62-F28AADB6D94E}.Debug|x86.Build.0 = Debug|Any CPU
		{64F6423F-F636-4D9E-8B62-F28AADB6D94E}.Release|Any CPU.ActiveCfg = Release|Any CPU
		{64F6423F-F636-4D9E-8B62-F28AADB6D94E}.Release|Any CPU.Build.0 = Release|Any CPU
		{64F6423F-F636-4D9E-8B62-F28AADB6D94E}.Release|arm64.ActiveCfg = Release|Any CPU
		{64F6423F-F636-4D9E-8B62-F28AADB6D94E}.Release|arm64.Build.0 = Release|Any CPU
		{64F6423F-F636-4D9E-8B62-F28AADB6D94E}.Release|x86.ActiveCfg = Release|Any CPU
		{64F6423F-F636-4D9E-8B62-F28AADB6D94E}.Release|x86.Build.0 = Release|Any CPU
		{A19F908C-05FD-4053-AFAC-A4E7C0D69F68}.Debug|Any CPU.ActiveCfg = Debug|Any CPU
		{A19F908C-05FD-4053-AFAC-A4E7C0D69F68}.Debug|Any CPU.Build.0 = Debug|Any CPU
		{A19F908C-05FD-4053-AFAC-A4E7C0D69F68}.Debug|arm64.ActiveCfg = Debug|Any CPU
		{A19F908C-05FD-4053-AFAC-A4E7C0D69F68}.Debug|arm64.Build.0 = Debug|Any CPU
		{A19F908C-05FD-4053-AFAC-A4E7C0D69F68}.Debug|x86.ActiveCfg = Debug|Any CPU
		{A19F908C-05FD-4053-AFAC-A4E7C0D69F68}.Debug|x86.Build.0 = Debug|Any CPU
		{A19F908C-05FD-4053-AFAC-A4E7C0D69F68}.Release|Any CPU.ActiveCfg = Release|Any CPU
		{A19F908C-05FD-4053-AFAC-A4E7C0D69F68}.Release|Any CPU.Build.0 = Release|Any CPU
		{A19F908C-05FD-4053-AFAC-A4E7C0D69F68}.Release|arm64.ActiveCfg = Release|Any CPU
		{A19F908C-05FD-4053-AFAC-A4E7C0D69F68}.Release|arm64.Build.0 = Release|Any CPU
		{A19F908C-05FD-4053-AFAC-A4E7C0D69F68}.Release|x86.ActiveCfg = Release|Any CPU
		{A19F908C-05FD-4053-AFAC-A4E7C0D69F68}.Release|x86.Build.0 = Release|Any CPU
		{AA3A0D36-25AD-47E5-910B-2632A6569AB5}.Debug|Any CPU.ActiveCfg = Debug|Any CPU
		{AA3A0D36-25AD-47E5-910B-2632A6569AB5}.Debug|Any CPU.Build.0 = Debug|Any CPU
		{AA3A0D36-25AD-47E5-910B-2632A6569AB5}.Debug|arm64.ActiveCfg = Debug|Any CPU
		{AA3A0D36-25AD-47E5-910B-2632A6569AB5}.Debug|arm64.Build.0 = Debug|Any CPU
		{AA3A0D36-25AD-47E5-910B-2632A6569AB5}.Debug|x86.ActiveCfg = Debug|Any CPU
		{AA3A0D36-25AD-47E5-910B-2632A6569AB5}.Debug|x86.Build.0 = Debug|Any CPU
		{AA3A0D36-25AD-47E5-910B-2632A6569AB5}.Release|Any CPU.ActiveCfg = Release|Any CPU
		{AA3A0D36-25AD-47E5-910B-2632A6569AB5}.Release|Any CPU.Build.0 = Release|Any CPU
		{AA3A0D36-25AD-47E5-910B-2632A6569AB5}.Release|arm64.ActiveCfg = Release|Any CPU
		{AA3A0D36-25AD-47E5-910B-2632A6569AB5}.Release|arm64.Build.0 = Release|Any CPU
		{AA3A0D36-25AD-47E5-910B-2632A6569AB5}.Release|x86.ActiveCfg = Release|Any CPU
		{AA3A0D36-25AD-47E5-910B-2632A6569AB5}.Release|x86.Build.0 = Release|Any CPU
		{9FBF47E3-CFCA-4C58-A33E-464C1E163022}.Debug|Any CPU.ActiveCfg = Debug|Any CPU
		{9FBF47E3-CFCA-4C58-A33E-464C1E163022}.Debug|Any CPU.Build.0 = Debug|Any CPU
		{9FBF47E3-CFCA-4C58-A33E-464C1E163022}.Debug|arm64.ActiveCfg = Debug|Any CPU
		{9FBF47E3-CFCA-4C58-A33E-464C1E163022}.Debug|arm64.Build.0 = Debug|Any CPU
		{9FBF47E3-CFCA-4C58-A33E-464C1E163022}.Debug|x86.ActiveCfg = Debug|Any CPU
		{9FBF47E3-CFCA-4C58-A33E-464C1E163022}.Debug|x86.Build.0 = Debug|Any CPU
		{9FBF47E3-CFCA-4C58-A33E-464C1E163022}.Release|Any CPU.ActiveCfg = Release|Any CPU
		{9FBF47E3-CFCA-4C58-A33E-464C1E163022}.Release|Any CPU.Build.0 = Release|Any CPU
		{9FBF47E3-CFCA-4C58-A33E-464C1E163022}.Release|arm64.ActiveCfg = Release|Any CPU
		{9FBF47E3-CFCA-4C58-A33E-464C1E163022}.Release|arm64.Build.0 = Release|Any CPU
		{9FBF47E3-CFCA-4C58-A33E-464C1E163022}.Release|x86.ActiveCfg = Release|Any CPU
		{9FBF47E3-CFCA-4C58-A33E-464C1E163022}.Release|x86.Build.0 = Release|Any CPU
		{0BD6D213-FFD5-4C56-BAE2-02F3FC37CE09}.Debug|Any CPU.ActiveCfg = Debug|Any CPU
		{0BD6D213-FFD5-4C56-BAE2-02F3FC37CE09}.Debug|Any CPU.Build.0 = Debug|Any CPU
		{0BD6D213-FFD5-4C56-BAE2-02F3FC37CE09}.Debug|arm64.ActiveCfg = Debug|Any CPU
		{0BD6D213-FFD5-4C56-BAE2-02F3FC37CE09}.Debug|arm64.Build.0 = Debug|Any CPU
		{0BD6D213-FFD5-4C56-BAE2-02F3FC37CE09}.Debug|x86.ActiveCfg = Debug|Any CPU
		{0BD6D213-FFD5-4C56-BAE2-02F3FC37CE09}.Debug|x86.Build.0 = Debug|Any CPU
		{0BD6D213-FFD5-4C56-BAE2-02F3FC37CE09}.Release|Any CPU.ActiveCfg = Release|Any CPU
		{0BD6D213-FFD5-4C56-BAE2-02F3FC37CE09}.Release|Any CPU.Build.0 = Release|Any CPU
		{0BD6D213-FFD5-4C56-BAE2-02F3FC37CE09}.Release|arm64.ActiveCfg = Release|Any CPU
		{0BD6D213-FFD5-4C56-BAE2-02F3FC37CE09}.Release|arm64.Build.0 = Release|Any CPU
		{0BD6D213-FFD5-4C56-BAE2-02F3FC37CE09}.Release|x86.ActiveCfg = Release|Any CPU
		{0BD6D213-FFD5-4C56-BAE2-02F3FC37CE09}.Release|x86.Build.0 = Release|Any CPU
		{D5083806-3FD9-459C-857B-A1FAFD425D14}.Debug|Any CPU.ActiveCfg = Debug|Any CPU
		{D5083806-3FD9-459C-857B-A1FAFD425D14}.Debug|Any CPU.Build.0 = Debug|Any CPU
		{D5083806-3FD9-459C-857B-A1FAFD425D14}.Debug|arm64.ActiveCfg = Debug|Any CPU
		{D5083806-3FD9-459C-857B-A1FAFD425D14}.Debug|arm64.Build.0 = Debug|Any CPU
		{D5083806-3FD9-459C-857B-A1FAFD425D14}.Debug|x86.ActiveCfg = Debug|Any CPU
		{D5083806-3FD9-459C-857B-A1FAFD425D14}.Debug|x86.Build.0 = Debug|Any CPU
		{D5083806-3FD9-459C-857B-A1FAFD425D14}.Release|Any CPU.ActiveCfg = Release|Any CPU
		{D5083806-3FD9-459C-857B-A1FAFD425D14}.Release|Any CPU.Build.0 = Release|Any CPU
		{D5083806-3FD9-459C-857B-A1FAFD425D14}.Release|arm64.ActiveCfg = Release|Any CPU
		{D5083806-3FD9-459C-857B-A1FAFD425D14}.Release|arm64.Build.0 = Release|Any CPU
		{D5083806-3FD9-459C-857B-A1FAFD425D14}.Release|x86.ActiveCfg = Release|Any CPU
		{D5083806-3FD9-459C-857B-A1FAFD425D14}.Release|x86.Build.0 = Release|Any CPU
		{2341322E-67D3-4555-88DD-5433FB783222}.Debug|Any CPU.ActiveCfg = Debug|Any CPU
		{2341322E-67D3-4555-88DD-5433FB783222}.Debug|Any CPU.Build.0 = Debug|Any CPU
		{2341322E-67D3-4555-88DD-5433FB783222}.Debug|arm64.ActiveCfg = Debug|Any CPU
		{2341322E-67D3-4555-88DD-5433FB783222}.Debug|arm64.Build.0 = Debug|Any CPU
		{2341322E-67D3-4555-88DD-5433FB783222}.Debug|x86.ActiveCfg = Debug|x86
		{2341322E-67D3-4555-88DD-5433FB783222}.Debug|x86.Build.0 = Debug|x86
		{2341322E-67D3-4555-88DD-5433FB783222}.Release|Any CPU.ActiveCfg = Release|Any CPU
		{2341322E-67D3-4555-88DD-5433FB783222}.Release|Any CPU.Build.0 = Release|Any CPU
		{2341322E-67D3-4555-88DD-5433FB783222}.Release|arm64.ActiveCfg = Release|Any CPU
		{2341322E-67D3-4555-88DD-5433FB783222}.Release|arm64.Build.0 = Release|Any CPU
		{2341322E-67D3-4555-88DD-5433FB783222}.Release|x86.ActiveCfg = Release|x86
		{2341322E-67D3-4555-88DD-5433FB783222}.Release|x86.Build.0 = Release|x86
	EndGlobalSection
	GlobalSection(SolutionProperties) = preSolution
		HideSolutionNode = FALSE
	EndGlobalSection
	GlobalSection(NestedProjects) = preSolution
		{9DE75C64-EF1D-4427-BD62-5E8FDCB8C0CC} = {3F4EF46B-61CD-45F2-89D7-F118A7F7C2C7}
		{64F6423F-F636-4D9E-8B62-F28AADB6D94E} = {9B7066A9-DCEC-48D1-AC45-A49D6E8EAA3D}
		{A19F908C-05FD-4053-AFAC-A4E7C0D69F68} = {9B7066A9-DCEC-48D1-AC45-A49D6E8EAA3D}
		{AA3A0D36-25AD-47E5-910B-2632A6569AB5} = {3F4EF46B-61CD-45F2-89D7-F118A7F7C2C7}
		{9FBF47E3-CFCA-4C58-A33E-464C1E163022} = {3F4EF46B-61CD-45F2-89D7-F118A7F7C2C7}
		{0BD6D213-FFD5-4C56-BAE2-02F3FC37CE09} = {9B7066A9-DCEC-48D1-AC45-A49D6E8EAA3D}
		{A8AA55E1-37AA-4558-9978-A43ABEA9E1EF} = {FFA244F0-D7B0-4130-A27D-B77539D450DD}
		{D5083806-3FD9-459C-857B-A1FAFD425D14} = {9B7066A9-DCEC-48D1-AC45-A49D6E8EAA3D}
		{2341322E-67D3-4555-88DD-5433FB783222} = {3F4EF46B-61CD-45F2-89D7-F118A7F7C2C7}
	EndGlobalSection
	GlobalSection(ExtensibilityGlobals) = postSolution
		SolutionGuid = {13DE4F0D-2522-4000-B21C-5D1CFA1A3E07}
	EndGlobalSection
EndGlobal
